
Microsoft Visual Studio Solution File, Format Version 12.00
# Visual Studio 2013
VisualStudioVersion = 12.0.21005.1
MinimumVisualStudioVersion = 10.0.40219.1
Project("{FAE04EC0-301F-11D3-BF4B-00C04F79EFBC}") = "Caculator", "Caculator\Caculator.csproj", "{50B1C547-BB56-43E1-8A6E-1B447FC554CC}"
EndProject
Global
	GlobalSection(SolutionConfigurationPlatforms) = preSolution
		Debug|Any CPU = Debug|Any CPU
		Release|Any CPU = Release|Any CPU
	EndGlobalSection
	GlobalSection(ProjectConfigurationPlatforms) = postSolution
		{50B1C547-BB56-43E1-8A6E-1B447FC554CC}.Debug|Any CPU.ActiveCfg = Debug|Any CPU
		{50B1C547-BB56-43E1-8A6E-1B447FC554CC}.Debug|Any CPU.Build.0 = Debug|Any CPU
		{50B1C547-BB56-43E1-8A6E-1B447FC554CC}.Release|Any CPU.ActiveCfg = Release|Any CPU
		{50B1C547-BB56-43E1-8A6E-1B447FC554CC}.Release|Any CPU.Build.0 = Release|Any CPU
	EndGlobalSection
	GlobalSection(SolutionProperties) = preSolution
		HideSolutionNode = FALSE
	EndGlobalSection
EndGlobal
